
Microsoft Visual Studio Solution File, Format Version 12.00
# Visual Studio 15
VisualStudioVersion = 15.0.26430.14
MinimumVisualStudioVersion = 10.0.40219.1
Project("{8BC9CEB8-8B4A-11D0-8D11-00A0C91BC942}") = "bblaunch", "bblaunch\bblaunch.vcxproj", "{66977C11-BB4E-49BE-AEC8-CC3AFA8120A0}"
	ProjectSection(ProjectDependencies) = postProject
		{4D936323-B459-429E-B192-39B9290E3883} = {4D936323-B459-429E-B192-39B9290E3883}
		{7FEB7D92-C789-4A2C-B1F3-06C54CE276EE} = {7FEB7D92-C789-4A2C-B1F3-06C54CE276EE}
		{80D29696-DA27-4767-B736-AF0B0DCE4500} = {80D29696-DA27-4767-B736-AF0B0DCE4500}
		{0C7BD7A8-5A0A-4CED-A18B-DB7187C2CF0D} = {0C7BD7A8-5A0A-4CED-A18B-DB7187C2CF0D}
		{324BD9AD-73B9-4764-8943-8CCADC0FC597} = {324BD9AD-73B9-4764-8943-8CCADC0FC597}
	EndProjectSection
EndProject
Project("{8BC9CEB8-8B4A-11D0-8D11-00A0C91BC942}") = "bbruntime", "bbruntime\bbruntime.vcxproj", "{C91984FA-1292-4172-9124-160B341C8D87}"
EndProject
Project("{8BC9CEB8-8B4A-11D0-8D11-00A0C91BC942}") = "bbruntime_dll", "bbruntime_dll\bbruntime_dll.vcxproj", "{41785D5A-2FD3-43A2-9469-F5D9CF927E1D}"
	ProjectSection(ProjectDependencies) = postProject
		{7FEB7D92-C789-4A2C-B1F3-06C54CE276EE} = {7FEB7D92-C789-4A2C-B1F3-06C54CE276EE}
		{80D29696-DA27-4767-B736-AF0B0DCE4500} = {80D29696-DA27-4767-B736-AF0B0DCE4500}
	EndProjectSection
EndProject
Project("{8BC9CEB8-8B4A-11D0-8D11-00A0C91BC942}") = "blitz", "blitz\blitz.vcxproj", "{2023B196-BA03-41D1-A771-EC49D27E48AD}"
EndProject
Project("{8BC9CEB8-8B4A-11D0-8D11-00A0C91BC942}") = "blitz3d", "blitz3d\blitz3d.vcxproj", "{60BB991F-8721-4A17-9F70-79D0EE5507FA}"
EndProject
Project("{8BC9CEB8-8B4A-11D0-8D11-00A0C91BC942}") = "blitzide", "blitzide\blitzide.vcxproj", "{2216011C-F754-4EA0-A1C6-E95AC41FB9B8}"
EndProject
Project("{8BC9CEB8-8B4A-11D0-8D11-00A0C91BC942}") = "compiler", "compiler\compiler.vcxproj", "{414C56E1-A469-4D49-B1AA-8426AAEC2158}"
EndProject
Project("{8BC9CEB8-8B4A-11D0-8D11-00A0C91BC942}") = "config", "config\config.vcxproj", "{324BD9AD-73B9-4764-8943-8CCADC0FC597}"
EndProject
Project("{8BC9CEB8-8B4A-11D0-8D11-00A0C91BC942}") = "debugger", "debugger\debugger.vcxproj", "{57C1D7A8-8B56-474A-94D9-06684015BB6B}"
EndProject
Project("{8BC9CEB8-8B4A-11D0-8D11-00A0C91BC942}") = "gxruntime", "gxruntime\gxruntime.vcxproj", "{A124D746-4A3B-401D-AE99-6A838595BC8C}"
EndProject
Project("{8BC9CEB8-8B4A-11D0-8D11-00A0C91BC942}") = "linker", "linker\linker.vcxproj", "{0D2839C8-F607-444C-8EAF-61252CED08C9}"
	ProjectSection(ProjectDependencies) = postProject
		{324BD9AD-73B9-4764-8943-8CCADC0FC597} = {324BD9AD-73B9-4764-8943-8CCADC0FC597}
	EndProjectSection
EndProject
Project("{8BC9CEB8-8B4A-11D0-8D11-00A0C91BC942}") = "linker_dll", "linker_dll\linker_dll.vcxproj", "{4963165F-BF83-42DF-8F0D-D09164F4D6C0}"
EndProject
Project("{8BC9CEB8-8B4A-11D0-8D11-00A0C91BC942}") = "stdutil", "stdutil\stdutil.vcxproj", "{EC04D125-90B0-495F-A0DB-367DC6215E42}"
EndProject
Project("{8BC9CEB8-8B4A-11D0-8D11-00A0C91BC942}") = "FreeImageLib", "freeimage\FreeImageLib\FreeImageLib.vcxproj", "{0C7BD7A8-5A0A-4CED-A18B-DB7187C2CF0D}"
EndProject
Project("{8BC9CEB8-8B4A-11D0-8D11-00A0C91BC942}") = "ZLib", "freeimage\ZLib\ZLib.vcxproj", "{7FEB7D92-C789-4A2C-B1F3-06C54CE276EE}"
EndProject
Project("{8BC9CEB8-8B4A-11D0-8D11-00A0C91BC942}") = "LibPNG", "freeimage\LibPNG\LibPNG.vcxproj", "{80D29696-DA27-4767-B736-AF0B0DCE4500}"
EndProject
Project("{8BC9CEB8-8B4A-11D0-8D11-00A0C91BC942}") = "LibJPEG", "freeimage\LibJPEG\LibJPEG.vcxproj", "{4D936323-B459-429E-B192-39B9290E3883}"
EndProject
Global
	GlobalSection(SolutionConfigurationPlatforms) = preSolution
		Debug|x86 = Debug|x86
		Release|x86 = Release|x86
	EndGlobalSection
	GlobalSection(ProjectConfigurationPlatforms) = postSolution
		{66977C11-BB4E-49BE-AEC8-CC3AFA8120A0}.Debug|x86.ActiveCfg = Debug|Win32
		{66977C11-BB4E-49BE-AEC8-CC3AFA8120A0}.Debug|x86.Build.0 = Debug|Win32
		{66977C11-BB4E-49BE-AEC8-CC3AFA8120A0}.Release|x86.ActiveCfg = Release|Win32
		{66977C11-BB4E-49BE-AEC8-CC3AFA8120A0}.Release|x86.Build.0 = Release|Win32
		{C91984FA-1292-4172-9124-160B341C8D87}.Debug|x86.ActiveCfg = Debug|Win32
		{C91984FA-1292-4172-9124-160B341C8D87}.Debug|x86.Build.0 = Debug|Win32
		{C91984FA-1292-4172-9124-160B341C8D87}.Release|x86.ActiveCfg = Release|Win32
		{C91984FA-1292-4172-9124-160B341C8D87}.Release|x86.Build.0 = Release|Win32
		{41785D5A-2FD3-43A2-9469-F5D9CF927E1D}.Debug|x86.ActiveCfg = Debug|Win32
		{41785D5A-2FD3-43A2-9469-F5D9CF927E1D}.Debug|x86.Build.0 = Debug|Win32
		{41785D5A-2FD3-43A2-9469-F5D9CF927E1D}.Release|x86.ActiveCfg = Release|Win32
		{41785D5A-2FD3-43A2-9469-F5D9CF927E1D}.Release|x86.Build.0 = Release|Win32
		{2023B196-BA03-41D1-A771-EC49D27E48AD}.Debug|x86.ActiveCfg = Debug|Win32
		{2023B196-BA03-41D1-A771-EC49D27E48AD}.Debug|x86.Build.0 = Debug|Win32
		{2023B196-BA03-41D1-A771-EC49D27E48AD}.Release|x86.ActiveCfg = Release|Win32
		{2023B196-BA03-41D1-A771-EC49D27E48AD}.Release|x86.Build.0 = Release|Win32
		{60BB991F-8721-4A17-9F70-79D0EE5507FA}.Debug|x86.ActiveCfg = Debug|Win32
		{60BB991F-8721-4A17-9F70-79D0EE5507FA}.Debug|x86.Build.0 = Debug|Win32
		{60BB991F-8721-4A17-9F70-79D0EE5507FA}.Release|x86.ActiveCfg = Release|Win32
		{60BB991F-8721-4A17-9F70-79D0EE5507FA}.Release|x86.Build.0 = Release|Win32
		{2216011C-F754-4EA0-A1C6-E95AC41FB9B8}.Debug|x86.ActiveCfg = Debug|Win32
		{2216011C-F754-4EA0-A1C6-E95AC41FB9B8}.Debug|x86.Build.0 = Debug|Win32
		{2216011C-F754-4EA0-A1C6-E95AC41FB9B8}.Release|x86.ActiveCfg = Release|Win32
		{2216011C-F754-4EA0-A1C6-E95AC41FB9B8}.Release|x86.Build.0 = Release|Win32
		{414C56E1-A469-4D49-B1AA-8426AAEC2158}.Debug|x86.ActiveCfg = Debug|Win32
		{414C56E1-A469-4D49-B1AA-8426AAEC2158}.Debug|x86.Build.0 = Debug|Win32
		{414C56E1-A469-4D49-B1AA-8426AAEC2158}.Release|x86.ActiveCfg = Release|Win32
		{414C56E1-A469-4D49-B1AA-8426AAEC2158}.Release|x86.Build.0 = Release|Win32
		{324BD9AD-73B9-4764-8943-8CCADC0FC597}.Debug|x86.ActiveCfg = Debug|Win32
		{324BD9AD-73B9-4764-8943-8CCADC0FC597}.Debug|x86.Build.0 = Debug|Win32
		{324BD9AD-73B9-4764-8943-8CCADC0FC597}.Release|x86.ActiveCfg = Release|Win32
		{324BD9AD-73B9-4764-8943-8CCADC0FC597}.Release|x86.Build.0 = Release|Win32
		{57C1D7A8-8B56-474A-94D9-06684015BB6B}.Debug|x86.ActiveCfg = Debug|Win32
		{57C1D7A8-8B56-474A-94D9-06684015BB6B}.Debug|x86.Build.0 = Debug|Win32
		{57C1D7A8-8B56-474A-94D9-06684015BB6B}.Release|x86.ActiveCfg = Release|Win32
		{57C1D7A8-8B56-474A-94D9-06684015BB6B}.Release|x86.Build.0 = Release|Win32
		{A124D746-4A3B-401D-AE99-6A838595BC8C}.Debug|x86.ActiveCfg = Debug|Win32
		{A124D746-4A3B-401D-AE99-6A838595BC8C}.Debug|x86.Build.0 = Debug|Win32
		{A124D746-4A3B-401D-AE99-6A838595BC8C}.Release|x86.ActiveCfg = Release|Win32
		{A124D746-4A3B-401D-AE99-6A838595BC8C}.Release|x86.Build.0 = Release|Win32
		{0D2839C8-F607-444C-8EAF-61252CED08C9}.Debug|x86.ActiveCfg = Debug|Win32
		{0D2839C8-F607-444C-8EAF-61252CED08C9}.Debug|x86.Build.0 = Debug|Win32
		{0D2839C8-F607-444C-8EAF-61252CED08C9}.Release|x86.ActiveCfg = Release|Win32
		{0D2839C8-F607-444C-8EAF-61252CED08C9}.Release|x86.Build.0 = Release|Win32
		{4963165F-BF83-42DF-8F0D-D09164F4D6C0}.Debug|x86.ActiveCfg = Debug|Win32
		{4963165F-BF83-42DF-8F0D-D09164F4D6C0}.Debug|x86.Build.0 = Debug|Win32
		{4963165F-BF83-42DF-8F0D-D09164F4D6C0}.Release|x86.ActiveCfg = Release|Win32
		{4963165F-BF83-42DF-8F0D-D09164F4D6C0}.Release|x86.Build.0 = Release|Win32
		{EC04D125-90B0-495F-A0DB-367DC6215E42}.Debug|x86.ActiveCfg = Debug|Win32
		{EC04D125-90B0-495F-A0DB-367DC6215E42}.Debug|x86.Build.0 = Debug|Win32
		{EC04D125-90B0-495F-A0DB-367DC6215E42}.Release|x86.ActiveCfg = Release|Win32
		{EC04D125-90B0-495F-A0DB-367DC6215E42}.Release|x86.Build.0 = Release|Win32
		{0C7BD7A8-5A0A-4CED-A18B-DB7187C2CF0D}.Debug|x86.ActiveCfg = Debug|Win32
		{0C7BD7A8-5A0A-4CED-A18B-DB7187C2CF0D}.Debug|x86.Build.0 = Debug|Win32
		{0C7BD7A8-5A0A-4CED-A18B-DB7187C2CF0D}.Release|x86.ActiveCfg = Release|Win32
		{0C7BD7A8-5A0A-4CED-A18B-DB7187C2CF0D}.Release|x86.Build.0 = Release|Win32
		{7FEB7D92-C789-4A2C-B1F3-06C54CE276EE}.Debug|x86.ActiveCfg = Debug|Win32
		{7FEB7D92-C789-4A2C-B1F3-06C54CE276EE}.Debug|x86.Build.0 = Debug|Win32
		{7FEB7D92-C789-4A2C-B1F3-06C54CE276EE}.Release|x86.ActiveCfg = Release|Win32
		{7FEB7D92-C789-4A2C-B1F3-06C54CE276EE}.Release|x86.Build.0 = Release|Win32
		{80D29696-DA27-4767-B736-AF0B0DCE4500}.Debug|x86.ActiveCfg = Debug|Win32
		{80D29696-DA27-4767-B736-AF0B0DCE4500}.Debug|x86.Build.0 = Debug|Win32
		{80D29696-DA27-4767-B736-AF0B0DCE4500}.Release|x86.ActiveCfg = Release|Win32
		{80D29696-DA27-4767-B736-AF0B0DCE4500}.Release|x86.Build.0 = Release|Win32
		{4D936323-B459-429E-B192-39B9290E3883}.Debug|x86.ActiveCfg = Debug|Win32
		{4D936323-B459-429E-B192-39B9290E3883}.Debug|x86.Build.0 = Debug|Win32
		{4D936323-B459-429E-B192-39B9290E3883}.Release|x86.ActiveCfg = Release|Win32
		{4D936323-B459-429E-B192-39B9290E3883}.Release|x86.Build.0 = Release|Win32
	EndGlobalSection
	GlobalSection(SolutionProperties) = preSolution
		HideSolutionNode = FALSE
	EndGlobalSection
EndGlobal
